// !$*UTF8*$!
{
	archiveVersion = 1;
	classes = {
	};
	objectVersion = 46;
	objects = {

/* Begin PBXBuildFile section */
		59168A311AA6964E00A74FA6 /* AppDelegate.swift in Sources */ = {isa = PBXBuildFile; fileRef = 59168A301AA6964E00A74FA6 /* AppDelegate.swift */; };
		59168A331AA6964E00A74FA6 /* RecordSoundsViewController.swift in Sources */ = {isa = PBXBuildFile; fileRef = 59168A321AA6964E00A74FA6 /* RecordSoundsViewController.swift */; };
		59168A361AA6964E00A74FA6 /* Main.storyboard in Resources */ = {isa = PBXBuildFile; fileRef = 59168A341AA6964E00A74FA6 /* Main.storyboard */; };
		59168A381AA6964E00A74FA6 /* Images.xcassets in Resources */ = {isa = PBXBuildFile; fileRef = 59168A371AA6964E00A74FA6 /* Images.xcassets */; };
		59168A3B1AA6964E00A74FA6 /* LaunchScreen.xib in Resources */ = {isa = PBXBuildFile; fileRef = 59168A391AA6964E00A74FA6 /* LaunchScreen.xib */; };
		59168A471AA6964E00A74FA6 /* Pitch_PerfectTests.swift in Sources */ = {isa = PBXBuildFile; fileRef = 59168A461AA6964E00A74FA6 /* Pitch_PerfectTests.swift */; };
		591A547E1AA938D80086469C /* PlaySoundsViewController.swift in Sources */ = {isa = PBXBuildFile; fileRef = 591A547D1AA938D70086469C /* PlaySoundsViewController.swift */; };
		591A54801AA93DB00086469C /* movie_quote.mp3 in Resources */ = {isa = PBXBuildFile; fileRef = 591A547F1AA93DB00086469C /* movie_quote.mp3 */; };
		59E300B91AAA748E004BDF37 /* RecordedAudio.swift in Sources */ = {isa = PBXBuildFile; fileRef = 59E300B81AAA748E004BDF37 /* RecordedAudio.swift */; };
/* End PBXBuildFile section */

/* Begin PBXContainerItemProxy section */
		59168A411AA6964E00A74FA6 /* PBXContainerItemProxy */ = {
			isa = PBXContainerItemProxy;
			containerPortal = 59168A231AA6964E00A74FA6 /* Project object */;
			proxyType = 1;
			remoteGlobalIDString = 59168A2A1AA6964E00A74FA6;
			remoteInfo = "Pitch Perfect";
		};
/* End PBXContainerItemProxy section */

/* Begin PBXFileReference section */
		59168A2B1AA6964E00A74FA6 /* Pitch Perfect.app */ = {isa = PBXFileReference; explicitFileType = wrapper.application; includeInIndex = 0; path = "Pitch Perfect.app"; sourceTree = BUILT_PRODUCTS_DIR; };
		59168A2F1AA6964E00A74FA6 /* Info.plist */ = {isa = PBXFileReference; lastKnownFileType = text.plist.xml; path = Info.plist; sourceTree = "<group>"; };
		59168A301AA6964E00A74FA6 /* AppDelegate.swift */ = {isa = PBXFileReference; lastKnownFileType = sourcecode.swift; path = AppDelegate.swift; sourceTree = "<group>"; };
		59168A321AA6964E00A74FA6 /* RecordSoundsViewController.swift */ = {isa = PBXFileReference; lastKnownFileType = sourcecode.swift; path = RecordSoundsViewController.swift; sourceTree = "<group>"; };
		59168A351AA6964E00A74FA6 /* Base */ = {isa = PBXFileReference; lastKnownFileType = file.storyboard; name = Base; path = Base.lproj/Main.storyboard; sourceTree = "<group>"; };
		59168A371AA6964E00A74FA6 /* Images.xcassets */ = {isa = PBXFileReference; lastKnownFileType = folder.assetcatalog; path = Images.xcassets; sourceTree = "<group>"; };
		59168A3A1AA6964E00A74FA6 /* Base */ = {isa = PBXFileReference; lastKnownFileType = file.xib; name = Base; path = Base.lproj/LaunchScreen.xib; sourceTree = "<group>"; };
		59168A401AA6964E00A74FA6 /* Pitch PerfectTests.xctest */ = {isa = PBXFileReference; explicitFileType = wrapper.cfbundle; includeInIndex = 0; path = "Pitch PerfectTests.xctest"; sourceTree = BUILT_PRODUCTS_DIR; };
		59168A451AA6964E00A74FA6 /* Info.plist */ = {isa = PBXFileReference; lastKnownFileType = text.plist.xml; path = Info.plist; sourceTree = "<group>"; };
		59168A461AA6964E00A74FA6 /* Pitch_PerfectTests.swift */ = {isa = PBXFileReference; lastKnownFileType = sourcecode.swift; path = Pitch_PerfectTests.swift; sourceTree = "<group>"; };
		591A547D1AA938D70086469C /* PlaySoundsViewController.swift */ = {isa = PBXFileReference; fileEncoding = 4; lastKnownFileType = sourcecode.swift; path = PlaySoundsViewController.swift; sourceTree = "<group>"; };
		591A547F1AA93DB00086469C /* movie_quote.mp3 */ = {isa = PBXFileReference; lastKnownFileType = audio.mp3; name = movie_quote.mp3; path = ../movie_quote.mp3; sourceTree = "<group>"; };
		59E300B81AAA748E004BDF37 /* RecordedAudio.swift */ = {isa = PBXFileReference; fileEncoding = 4; lastKnownFileType = sourcecode.swift; path = RecordedAudio.swift; sourceTree = "<group>"; };
/* End PBXFileReference section */

/* Begin PBXFrameworksBuildPhase section */
		59168A281AA6964E00A74FA6 /* Frameworks */ = {
			isa = PBXFrameworksBuildPhase;
			buildActionMask = 2147483647;
			files = (
			);
			runOnlyForDeploymentPostprocessing = 0;
		};
		59168A3D1AA6964E00A74FA6 /* Frameworks */ = {
			isa = PBXFrameworksBuildPhase;
			buildActionMask = 2147483647;
			files = (
			);
			runOnlyForDeploymentPostprocessing = 0;
		};
/* End PBXFrameworksBuildPhase section */

/* Begin PBXGroup section */
		59168A221AA6964E00A74FA6 = {
			isa = PBXGroup;
			children = (
				59168A2D1AA6964E00A74FA6 /* Pitch Perfect */,
				59168A431AA6964E00A74FA6 /* Pitch PerfectTests */,
				59168A2C1AA6964E00A74FA6 /* Products */,
			);
			sourceTree = "<group>";
		};
		59168A2C1AA6964E00A74FA6 /* Products */ = {
			isa = PBXGroup;
			children = (
				59168A2B1AA6964E00A74FA6 /* Pitch Perfect.app */,
				59168A401AA6964E00A74FA6 /* Pitch PerfectTests.xctest */,
			);
			name = Products;
			sourceTree = "<group>";
		};
		59168A2D1AA6964E00A74FA6 /* Pitch Perfect */ = {
			isa = PBXGroup;
			children = (
				59168A301AA6964E00A74FA6 /* AppDelegate.swift */,
				59168A321AA6964E00A74FA6 /* RecordSoundsViewController.swift */,
				59168A341AA6964E00A74FA6 /* Main.storyboard */,
				59E300B81AAA748E004BDF37 /* RecordedAudio.swift */,
				591A547D1AA938D70086469C /* PlaySoundsViewController.swift */,
				59168A371AA6964E00A74FA6 /* Images.xcassets */,
				59168A391AA6964E00A74FA6 /* LaunchScreen.xib */,
				59168A2E1AA6964E00A74FA6 /* Supporting Files */,
			);
			path = "Pitch Perfect";
			sourceTree = "<group>";
		};
		59168A2E1AA6964E00A74FA6 /* Supporting Files */ = {
			isa = PBXGroup;
			children = (
				591A547F1AA93DB00086469C /* movie_quote.mp3 */,
				59168A2F1AA6964E00A74FA6 /* Info.plist */,
			);
			name = "Supporting Files";
			sourceTree = "<group>";
		};
		59168A431AA6964E00A74FA6 /* Pitch PerfectTests */ = {
			isa = PBXGroup;
			children = (
				59168A461AA6964E00A74FA6 /* Pitch_PerfectTests.swift */,
				59168A441AA6964E00A74FA6 /* Supporting Files */,
			);
			path = "Pitch PerfectTests";
			sourceTree = "<group>";
		};
		59168A441AA6964E00A74FA6 /* Supporting Files */ = {
			isa = PBXGroup;
			children = (
				59168A451AA6964E00A74FA6 /* Info.plist */,
			);
			name = "Supporting Files";
			sourceTree = "<group>";
		};
/* End PBXGroup section */

/* Begin PBXNativeTarget section */
		59168A2A1AA6964E00A74FA6 /* Pitch Perfect */ = {
			isa = PBXNativeTarget;
			buildConfigurationList = 59168A4A1AA6964E00A74FA6 /* Build configuration list for PBXNativeTarget "Pitch Perfect" */;
			buildPhases = (
				59168A271AA6964E00A74FA6 /* Sources */,
				59168A281AA6964E00A74FA6 /* Frameworks */,
				59168A291AA6964E00A74FA6 /* Resources */,
			);
			buildRules = (
			);
			dependencies = (
			);
			name = "Pitch Perfect";
			productName = "Pitch Perfect";
			productReference = 59168A2B1AA6964E00A74FA6 /* Pitch Perfect.app */;
			productType = "com.apple.product-type.application";
		};
		59168A3F1AA6964E00A74FA6 /* Pitch PerfectTests */ = {
			isa = PBXNativeTarget;
			buildConfigurationList = 59168A4D1AA6964E00A74FA6 /* Build configuration list for PBXNativeTarget "Pitch PerfectTests" */;
			buildPhases = (
				59168A3C1AA6964E00A74FA6 /* Sources */,
				59168A3D1AA6964E00A74FA6 /* Frameworks */,
				59168A3E1AA6964E00A74FA6 /* Resources */,
			);
			buildRules = (
			);
			dependencies = (
				59168A421AA6964E00A74FA6 /* PBXTargetDependency */,
			);
			name = "Pitch PerfectTests";
			productName = "Pitch PerfectTests";
			productReference = 59168A401AA6964E00A74FA6 /* Pitch PerfectTests.xctest */;
			productType = "com.apple.product-type.bundle.unit-test";
		};
/* End PBXNativeTarget section */

/* Begin PBXProject section */
		59168A231AA6964E00A74FA6 /* Project object */ = {
			isa = PBXProject;
			attributes = {
				LastUpgradeCheck = 0610;
				ORGANIZATIONNAME = "Code Behind SA";
				TargetAttributes = {
					59168A2A1AA6964E00A74FA6 = {
						CreatedOnToolsVersion = 6.1.1;
					};
					59168A3F1AA6964E00A74FA6 = {
						CreatedOnToolsVersion = 6.1.1;
						TestTargetID = 59168A2A1AA6964E00A74FA6;
					};
				};
			};
			buildConfigurationList = 59168A261AA6964E00A74FA6 /* Build configuration list for PBXProject "Pitch Perfect" */;
			compatibilityVersion = "Xcode 3.2";
			developmentRegion = English;
			hasScannedForEncodings = 0;
			knownRegions = (
				en,
				Base,
			);
			mainGroup = 59168A221AA6964E00A74FA6;
			productRefGroup = 59168A2C1AA6964E00A74FA6 /* Products */;
			projectDirPath = "";
			projectRoot = "";
			targets = (
				59168A2A1AA6964E00A74FA6 /* Pitch Perfect */,
				59168A3F1AA6964E00A74FA6 /* Pitch PerfectTests */,
			);
		};
/* End PBXProject section */

/* Begin PBXResourcesBuildPhase section */
		59168A291AA6964E00A74FA6 /* Resources */ = {
			isa = PBXResourcesBuildPhase;
			buildActionMask = 2147483647;
			files = (
				59168A361AA6964E00A74FA6 /* Main.storyboard in Resources */,
				59168A3B1AA6964E00A74FA6 /* LaunchScreen.xib in Resources */,
				591A54801AA93DB00086469C /* movie_quote.mp3 in Resources */,
				59168A381AA6964E00A74FA6 /* Images.xcassets in Resources */,
			);
			runOnlyForDeploymentPostprocessing = 0;
		};
		59168A3E1AA6964E00A74FA6 /* Resources */ = {
			isa = PBXResourcesBuildPhase;
			buildActionMask = 2147483647;
			files = (
			);
			runOnlyForDeploymentPostprocessing = 0;
		};
/* End PBXResourcesBuildPhase section */

/* Begin PBXSourcesBuildPhase section */
		59168A271AA6964E00A74FA6 /* Sources */ = {
			isa = PBXSourcesBuildPhase;
			buildActionMask = 2147483647;
			files = (
				59E300B91AAA748E004BDF37 /* RecordedAudio.swift in Sources */,
				59168A331AA6964E00A74FA6 /* RecordSoundsViewController.swift in Sources */,
				591A547E1AA938D80086469C /* PlaySoundsViewController.swift in Sources */,
				59168A311AA6964E00A74FA6 /* AppDelegate.swift in Sources */,
			);
			runOnlyForDeploymentPostprocessing = 0;
		};
		59168A3C1AA6964E00A74FA6 /* Sources */ = {
			isa = PBXSourcesBuildPhase;
			buildActionMask = 2147483647;
			files = (
				59168A471AA6964E00A74FA6 /* Pitch_PerfectTests.swift in Sources */,
			);
			runOnlyForDeploymentPostprocessing = 0;
		};
/* End PBXSourcesBuildPhase section */

/* Begin PBXTargetDependency section */
		59168A421AA6964E00A74FA6 /* PBXTargetDependency */ = {
			isa = PBXTargetDependency;
			target = 59168A2A1AA6964E00A74FA6 /* Pitch Perfect */;
			targetProxy = 59168A411AA6964E00A74FA6 /* PBXContainerItemProxy */;
		};
/* End PBXTargetDependency section */

/* Begin PBXVariantGroup section */
		59168A341AA6964E00A74FA6 /* Main.storyboard */ = {
			isa = PBXVariantGroup;
			children = (
				59168A351AA6964E00A74FA6 /* Base */,
			);
			name = Main.storyboard;
			sourceTree = "<group>";
		};
		59168A391AA6964E00A74FA6 /* LaunchScreen.xib */ = {
			isa = PBXVariantGroup;
			children = (
				59168A3A1AA6964E00A74FA6 /* Base */,
			);
			name = LaunchScreen.xib;
			sourceTree = "<group>";
		};
/* End PBXVariantGroup section */

/* Begin XCBuildConfiguration section */
		59168A481AA6964E00A74FA6 /* Debug */ = {
			isa = XCBuildConfiguration;
			buildSettings = {
				ALWAYS_SEARCH_USER_PATHS = NO;
				CLANG_CXX_LANGUAGE_STANDARD = "gnu++0x";
				CLANG_CXX_LIBRARY = "libc++";
				CLANG_ENABLE_MODULES = YES;
				CLANG_ENABLE_OBJC_ARC = YES;
				CLANG_WARN_BOOL_CONVERSION = YES;
				CLANG_WARN_CONSTANT_CONVERSION = YES;
				CLANG_WARN_DIRECT_OBJC_ISA_USAGE = YES_ERROR;
				CLANG_WARN_EMPTY_BODY = YES;
				CLANG_WARN_ENUM_CONVERSION = YES;
				CLANG_WARN_INT_CONVERSION = YES;
				CLANG_WARN_OBJC_ROOT_CLASS = YES_ERROR;
				CLANG_WARN_UNREACHABLE_CODE = YES;
				CLANG_WARN__DUPLICATE_METHOD_MATCH = YES;
				"CODE_SIGN_IDENTITY[sdk=iphoneos*]" = "iPhone Developer";
				COPY_PHASE_STRIP = NO;
				ENABLE_STRICT_OBJC_MSGSEND = YES;
				GCC_C_LANGUAGE_STANDARD = gnu99;
				GCC_DYNAMIC_NO_PIC = NO;
				GCC_OPTIMIZATION_LEVEL = 0;
				GCC_PREPROCESSOR_DEFINITIONS = (
					"DEBUG=1",
					"$(inherited)",
				);
				GCC_SYMBOLS_PRIVATE_EXTERN = NO;
				GCC_WARN_64_TO_32_BIT_CONVERSION = YES;
				GCC_WARN_ABOUT_RETURN_TYPE = YES_ERROR;
				GCC_WARN_UNDECLARED_SELECTOR = YES;
				GCC_WARN_UNINITIALIZED_AUTOS = YES_AGGRESSIVE;
				GCC_WARN_UNUSED_FUNCTION = YES;
				GCC_WARN_UNUSED_VARIABLE = YES;
				IPHONEOS_DEPLOYMENT_TARGET = 8.1;
				MTL_ENABLE_DEBUG_INFO = YES;
				ONLY_ACTIVE_ARCH = YES;
				SDKROOT = iphoneos;
				SWIFT_OPTIMIZATION_LEVEL = "-Onone";
			};
			name = Debug;
		};
		59168A491AA6964E00A74FA6 /* Release */ = {
			isa = XCBuildConfiguration;
			buildSettings = {
				ALWAYS_SEARCH_USER_PATHS = NO;
				CLANG_CXX_LANGUAGE_STANDARD = "gnu++0x";
				CLANG_CXX_LIBRARY = "libc++";
				CLANG_ENABLE_MODULES = YES;
				CLANG_ENABLE_OBJC_ARC = YES;
				CLANG_WARN_BOOL_CONVERSION = YES;
				CLANG_WARN_CONSTANT_CONVERSION = YES;
				CLANG_WARN_DIRECT_OBJC_ISA_USAGE = YES_ERROR;
				CLANG_WARN_EMPTY_BODY = YES;
				CLANG_WARN_ENUM_CONVERSION = YES;
				CLANG_WARN_INT_CONVERSION = YES;
				CLANG_WARN_OBJC_ROOT_CLASS = YES_ERROR;
				CLANG_WARN_UNREACHABLE_CODE = YES;
				CLANG_WARN__DUPLICATE_METHOD_MATCH = YES;
				"CODE_SIGN_IDENTITY[sdk=iphoneos*]" = "iPhone Developer";
				COPY_PHASE_STRIP = YES;
				ENABLE_NS_ASSERTIONS = NO;
				ENABLE_STRICT_OBJC_MSGSEND = YES;
				GCC_C_LANGUAGE_STANDARD = gnu99;
				GCC_WARN_64_TO_32_BIT_CONVERSION = YES;
				GCC_WARN_ABOUT_RETURN_TYPE = YES_ERROR;
				GCC_WARN_UNDECLARED_SELECTOR = YES;
				GCC_WARN_UNINITIALIZED_AUTOS = YES_AGGRESSIVE;
				GCC_WARN_UNUSED_FUNCTION = YES;
				GCC_WARN_UNUSED_VARIABLE = YES;
				IPHONEOS_DEPLOYMENT_TARGET = 8.1;
				MTL_ENABLE_DEBUG_INFO = NO;
				SDKROOT = iphoneos;
				VALIDATE_PRODUCT = YES;
			};
			name = Release;
		};
		59168A4B1AA6964E00A74FA6 /* Debug */ = {
			isa = XCBuildConfiguration;
			buildSettings = {
				ASSETCATALOG_COMPILER_APPICON_NAME = AppIcon;
				INFOPLIST_FILE = "Pitch Perfect/Info.plist";
				LD_RUNPATH_SEARCH_PATHS = "$(inherited) @executable_path/Frameworks";
				PRODUCT_NAME = "$(TARGET_NAME)";
			};
			name = Debug;
		};
		59168A4C1AA6964E00A74FA6 /* Release */ = {
			isa = XCBuildConfiguration;
			buildSettings = {
				ASSETCATALOG_COMPILER_APPICON_NAME = AppIcon;
				INFOPLIST_FILE = "Pitch Perfect/Info.plist";
				LD_RUNPATH_SEARCH_PATHS = "$(inherited) @executable_path/Frameworks";
				PRODUCT_NAME = "$(TARGET_NAME)";
			};
			name = Release;
		};
		59168A4E1AA6964E00A74FA6 /* Debug */ = {
			isa = XCBuildConfiguration;
			buildSettings = {
				BUNDLE_LOADER = "$(TEST_HOST)";
				FRAMEWORK_SEARCH_PATHS = (
					"$(SDKROOT)/Developer/Library/Frameworks",
					"$(inherited)",
				);
				GCC_PREPROCESSOR_DEFINITIONS = (
					"DEBUG=1",
					"$(inherited)",
				);
				INFOPLIST_FILE = "Pitch PerfectTests/Info.plist";
				LD_RUNPATH_SEARCH_PATHS = "$(inherited) @executable_path/Frameworks @loader_path/Frameworks";
				PRODUCT_NAME = "$(TARGET_NAME)";
				TEST_HOST = "$(BUILT_PRODUCTS_DIR)/Pitch Perfect.app/Pitch Perfect";
			};
			name = Debug;
		};
		59168A4F1AA6964E00A74FA6 /* Release */ = {
			isa = XCBuildConfiguration;
			buildSettings = {
				BUNDLE_LOADER = "$(TEST_HOST)";
				FRAMEWORK_SEARCH_PATHS = (
					"$(SDKROOT)/Developer/Library/Frameworks",
					"$(inherited)",
				);
				INFOPLIST_FILE = "Pitch PerfectTests/Info.plist";
				LD_RUNPATH_SEARCH_PATHS = "$(inherited) @executable_path/Frameworks @loader_path/Frameworks";
				PRODUCT_NAME = "$(TARGET_NAME)";
				TEST_HOST = "$(BUILT_PRODUCTS_DIR)/Pitch Perfect.app/Pitch Perfect";
			};
			name = Release;
		};
/* End XCBuildConfiguration section */

/* Begin XCConfigurationList section */
		59168A261AA6964E00A74FA6 /* Build configuration list for PBXProject "Pitch Perfect" */ = {
			isa = XCConfigurationList;
			buildConfigurations = (
				59168A481AA6964E00A74FA6 /* Debug */,
				59168A491AA6964E00A74FA6 /* Release */,
			);
			defaultConfigurationIsVisible = 0;
			defaultConfigurationName = Release;
		};
		59168A4A1AA6964E00A74FA6 /* Build configuration list for PBXNativeTarget "Pitch Perfect" */ = {
			isa = XCConfigurationList;
			buildConfigurations = (
				59168A4B1AA6964E00A74FA6 /* Debug */,
				59168A4C1AA6964E00A74FA6 /* Release */,
			);
			defaultConfigurationIsVisible = 0;
			defaultConfigurationName = Release;
		};
		59168A4D1AA6964E00A74FA6 /* Build configuration list for PBXNativeTarget "Pitch PerfectTests" */ = {
			isa = XCConfigurationList;
			buildConfigurations = (
				59168A4E1AA6964E00A74FA6 /* Debug */,
				59168A4F1AA6964E00A74FA6 /* Release */,
			);
			defaultConfigurationIsVisible = 0;
			defaultConfigurationName = Release;
		};
/* End XCConfigurationList section */
	};
	rootObject = 59168A231AA6964E00A74FA6 /* Project object */;
}
